
Microsoft Visual Studio Solution File, Format Version 12.00
# Visual Studio Version 17
VisualStudioVersion = 17.0.31903.59
MinimumVisualStudioVersion = 10.0.40219.1
Project("{FAE04EC0-301F-11D3-BF4B-00C04F79EFBC}") = "Hashing", "Hashing\Hashing.csproj", "{59EF54C3-1848-468F-8F31-BDA3CD9348C9}"
EndProject
Project("{FAE04EC0-301F-11D3-BF4B-00C04F79EFBC}") = "HashTable", "HashTable\HashTable.csproj", "{01004D3C-E044-444A-AF82-5708D2F5DFDD}"
EndProject
Project("{FAE04EC0-301F-11D3-BF4B-00C04F79EFBC}") = "CryptographicHashing", "CryptographicHashing\CryptographicHashing.csproj", "{35F8A96A-E6D4-486B-B988-CCDDC2DC38F0}"
EndProject
Project("{FAE04EC0-301F-11D3-BF4B-00C04F79EFBC}") = "Tests", "Tests\Tests.csproj", "{276037C7-DB47-4C50-AF23-BBE40F0C60F9}"
EndProject
Global
	GlobalSection(SolutionConfigurationPlatforms) = preSolution
		Debug|Any CPU = Debug|Any CPU
		Release|Any CPU = Release|Any CPU
	EndGlobalSection
	GlobalSection(SolutionProperties) = preSolution
		HideSolutionNode = FALSE
	EndGlobalSection
	GlobalSection(ProjectConfigurationPlatforms) = postSolution
		{59EF54C3-1848-468F-8F31-BDA3CD9348C9}.Debug|Any CPU.ActiveCfg = Debug|Any CPU
		{59EF54C3-1848-468F-8F31-BDA3CD9348C9}.Debug|Any CPU.Build.0 = Debug|Any CPU
		{59EF54C3-1848-468F-8F31-BDA3CD9348C9}.Release|Any CPU.ActiveCfg = Release|Any CPU
		{59EF54C3-1848-468F-8F31-BDA3CD9348C9}.Release|Any CPU.Build.0 = Release|Any CPU
		{F2341F0C-6E7C-409E-9A51-B1743FDC6F8D}.Debug|Any CPU.ActiveCfg = Debug|Any CPU
		{F2341F0C-6E7C-409E-9A51-B1743FDC6F8D}.Debug|Any CPU.Build.0 = Debug|Any CPU
		{F2341F0C-6E7C-409E-9A51-B1743FDC6F8D}.Release|Any CPU.ActiveCfg = Release|Any CPU
		{F2341F0C-6E7C-409E-9A51-B1743FDC6F8D}.Release|Any CPU.Build.0 = Release|Any CPU
		{01004D3C-E044-444A-AF82-5708D2F5DFDD}.Debug|Any CPU.ActiveCfg = Debug|Any CPU
		{01004D3C-E044-444A-AF82-5708D2F5DFDD}.Debug|Any CPU.Build.0 = Debug|Any CPU
		{01004D3C-E044-444A-AF82-5708D2F5DFDD}.Release|Any CPU.ActiveCfg = Release|Any CPU
		{01004D3C-E044-444A-AF82-5708D2F5DFDD}.Release|Any CPU.Build.0 = Release|Any CPU
		{35F8A96A-E6D4-486B-B988-CCDDC2DC38F0}.Debug|Any CPU.ActiveCfg = Debug|Any CPU
		{35F8A96A-E6D4-486B-B988-CCDDC2DC38F0}.Debug|Any CPU.Build.0 = Debug|Any CPU
		{35F8A96A-E6D4-486B-B988-CCDDC2DC38F0}.Release|Any CPU.ActiveCfg = Release|Any CPU
		{35F8A96A-E6D4-486B-B988-CCDDC2DC38F0}.Release|Any CPU.Build.0 = Release|Any CPU
		{276037C7-DB47-4C50-AF23-BBE40F0C60F9}.Debug|Any CPU.ActiveCfg = Debug|Any CPU
		{276037C7-DB47-4C50-AF23-BBE40F0C60F9}.Debug|Any CPU.Build.0 = Debug|Any CPU
		{276037C7-DB47-4C50-AF23-BBE40F0C60F9}.Release|Any CPU.ActiveCfg = Release|Any CPU
		{276037C7-DB47-4C50-AF23-BBE40F0C60F9}.Release|Any CPU.Build.0 = Release|Any CPU
	EndGlobalSection
EndGlobal
